
Microsoft Visual Studio Solution File, Format Version 12.00
# Visual Studio 15
Project("{FAE04EC0-301F-11D3-BF4B-00C04F79EFBC}") = "UnityEngine.TestRunner", "UnityEngine.TestRunner.csproj", "{602CE7A9-69F3-363F-AB14-D2018B5AFE20}"
EndProject
Project("{FAE04EC0-301F-11D3-BF4B-00C04F79EFBC}") = "UnityEngine.UI", "UnityEngine.UI.csproj", "{749F69A6-E0F8-4713-6CF4-AB583119CB21}"
EndProject
Project("{FAE04EC0-301F-11D3-BF4B-00C04F79EFBC}") = "Unity.TextMeshPro", "Unity.TextMeshPro.csproj", "{B6C1E760-FF9B-4F34-B196-A69286392F6C}"
EndProject
Project("{FAE04EC0-301F-11D3-BF4B-00C04F79EFBC}") = "Unity.Timeline", "Unity.Timeline.csproj", "{E63D4F80-8D05-9C50-041A-0ADD080E0824}"
EndProject
Project("{FAE04EC0-301F-11D3-BF4B-00C04F79EFBC}") = "Assembly-CSharp", "Assembly-CSharp.csproj", "{D3B3CC68-5D6A-EDCC-8D8E-583B3125B639}"
EndProject
Project("{FAE04EC0-301F-11D3-BF4B-00C04F79EFBC}") = "Cinemachine", "Cinemachine.csproj", "{38592E8D-30E4-7DA1-BD5E-D294793E330A}"
EndProject
Project("{FAE04EC0-301F-11D3-BF4B-00C04F79EFBC}") = "Unity.TextMeshPro.Editor", "Unity.TextMeshPro.Editor.csproj", "{8141D1FA-795C-5F17-9C07-94F10D1D39E5}"
EndProject
Project("{FAE04EC0-301F-11D3-BF4B-00C04F79EFBC}") = "Unity.Timeline.Editor", "Unity.Timeline.Editor.csproj", "{90441766-AC97-4828-49D2-E5414C4B0277}"
EndProject
Project("{FAE04EC0-301F-11D3-BF4B-00C04F79EFBC}") = "UnityEditor.TestRunner", "UnityEditor.TestRunner.csproj", "{94CB0A7C-3351-4587-8C77-A6D3DF76FC35}"
EndProject
Project("{FAE04EC0-301F-11D3-BF4B-00C04F79EFBC}") = "UnityEditor.UI", "UnityEditor.UI.csproj", "{6F0A1DCB-2C74-E75F-56A1-BB91134C2AC3}"
EndProject
Project("{FAE04EC0-301F-11D3-BF4B-00C04F79EFBC}") = "Unity.Rider.Editor", "Unity.Rider.Editor.csproj", "{5014A125-B61F-B365-3F31-105B7D8F178B}"
EndProject
Project("{FAE04EC0-301F-11D3-BF4B-00C04F79EFBC}") = "Unity.CollabProxy.Editor", "Unity.CollabProxy.Editor.csproj", "{856D0C54-B62A-00DA-7B66-A01EE818CE38}"
EndProject
Project("{FAE04EC0-301F-11D3-BF4B-00C04F79EFBC}") = "Unity.VSCode.Editor", "Unity.VSCode.Editor.csproj", "{3B832C16-948B-B89D-4B18-8BAEBB06AC58}"
EndProject
Project("{FAE04EC0-301F-11D3-BF4B-00C04F79EFBC}") = "com.unity.cinemachine.editor", "com.unity.cinemachine.editor.csproj", "{226F99BA-E91B-63FD-5007-CB22D43B4EC6}"
EndProject
Global
	GlobalSection(SolutionConfigurationPlatforms) = preSolution
		Debug|Any CPU = Debug|Any CPU
		Release|Any CPU = Release|Any CPU
	EndGlobalSection
	GlobalSection(ProjectConfigurationPlatforms) = postSolution
		{602CE7A9-69F3-363F-AB14-D2018B5AFE20}.Debug|Any CPU.ActiveCfg = Debug|Any CPU
		{602CE7A9-69F3-363F-AB14-D2018B5AFE20}.Debug|Any CPU.Build.0 = Debug|Any CPU
		{602CE7A9-69F3-363F-AB14-D2018B5AFE20}.Release|Any CPU.ActiveCfg = Release|Any CPU
		{602CE7A9-69F3-363F-AB14-D2018B5AFE20}.Release|Any CPU.Build.0 = Release|Any CPU
		{749F69A6-E0F8-4713-6CF4-AB583119CB21}.Debug|Any CPU.ActiveCfg = Debug|Any CPU
		{749F69A6-E0F8-4713-6CF4-AB583119CB21}.Debug|Any CPU.Build.0 = Debug|Any CPU
		{749F69A6-E0F8-4713-6CF4-AB583119CB21}.Release|Any CPU.ActiveCfg = Release|Any CPU
		{749F69A6-E0F8-4713-6CF4-AB583119CB21}.Release|Any CPU.Build.0 = Release|Any CPU
		{B6C1E760-FF9B-4F34-B196-A69286392F6C}.Debug|Any CPU.ActiveCfg = Debug|Any CPU
		{B6C1E760-FF9B-4F34-B196-A69286392F6C}.Debug|Any CPU.Build.0 = Debug|Any CPU
		{B6C1E760-FF9B-4F34-B196-A69286392F6C}.Release|Any CPU.ActiveCfg = Release|Any CPU
		{B6C1E760-FF9B-4F34-B196-A69286392F6C}.Release|Any CPU.Build.0 = Release|Any CPU
		{E63D4F80-8D05-9C50-041A-0ADD080E0824}.Debug|Any CPU.ActiveCfg = Debug|Any CPU
		{E63D4F80-8D05-9C50-041A-0ADD080E0824}.Debug|Any CPU.Build.0 = Debug|Any CPU
		{E63D4F80-8D05-9C50-041A-0ADD080E0824}.Release|Any CPU.ActiveCfg = Release|Any CPU
		{E63D4F80-8D05-9C50-041A-0ADD080E0824}.Release|Any CPU.Build.0 = Release|Any CPU
		{D3B3CC68-5D6A-EDCC-8D8E-583B3125B639}.Debug|Any CPU.ActiveCfg = Debug|Any CPU
		{D3B3CC68-5D6A-EDCC-8D8E-583B3125B639}.Debug|Any CPU.Build.0 = Debug|Any CPU
		{D3B3CC68-5D6A-EDCC-8D8E-583B3125B639}.Release|Any CPU.ActiveCfg = Release|Any CPU
		{D3B3CC68-5D6A-EDCC-8D8E-583B3125B639}.Release|Any CPU.Build.0 = Release|Any CPU
		{38592E8D-30E4-7DA1-BD5E-D294793E330A}.Debug|Any CPU.ActiveCfg = Debug|Any CPU
		{38592E8D-30E4-7DA1-BD5E-D294793E330A}.Debug|Any CPU.Build.0 = Debug|Any CPU
		{38592E8D-30E4-7DA1-BD5E-D294793E330A}.Release|Any CPU.ActiveCfg = Release|Any CPU
		{38592E8D-30E4-7DA1-BD5E-D294793E330A}.Release|Any CPU.Build.0 = Release|Any CPU
		{8141D1FA-795C-5F17-9C07-94F10D1D39E5}.Debug|Any CPU.ActiveCfg = Debug|Any CPU
		{8141D1FA-795C-5F17-9C07-94F10D1D39E5}.Debug|Any CPU.Build.0 = Debug|Any CPU
		{8141D1FA-795C-5F17-9C07-94F10D1D39E5}.Release|Any CPU.ActiveCfg = Release|Any CPU
		{8141D1FA-795C-5F17-9C07-94F10D1D39E5}.Release|Any CPU.Build.0 = Release|Any CPU
		{90441766-AC97-4828-49D2-E5414C4B0277}.Debug|Any CPU.ActiveCfg = Debug|Any CPU
		{90441766-AC97-4828-49D2-E5414C4B0277}.Debug|Any CPU.Build.0 = Debug|Any CPU
		{90441766-AC97-4828-49D2-E5414C4B0277}.Release|Any CPU.ActiveCfg = Release|Any CPU
		{90441766-AC97-4828-49D2-E5414C4B0277}.Release|Any CPU.Build.0 = Release|Any CPU
		{94CB0A7C-3351-4587-8C77-A6D3DF76FC35}.Debug|Any CPU.ActiveCfg = Debug|Any CPU
		{94CB0A7C-3351-4587-8C77-A6D3DF76FC35}.Debug|Any CPU.Build.0 = Debug|Any CPU
		{94CB0A7C-3351-4587-8C77-A6D3DF76FC35}.Release|Any CPU.ActiveCfg = Release|Any CPU
		{94CB0A7C-3351-4587-8C77-A6D3DF76FC35}.Release|Any CPU.Build.0 = Release|Any CPU
		{6F0A1DCB-2C74-E75F-56A1-BB91134C2AC3}.Debug|Any CPU.ActiveCfg = Debug|Any CPU
		{6F0A1DCB-2C74-E75F-56A1-BB91134C2AC3}.Debug|Any CPU.Build.0 = Debug|Any CPU
		{6F0A1DCB-2C74-E75F-56A1-BB91134C2AC3}.Release|Any CPU.ActiveCfg = Release|Any CPU
		{6F0A1DCB-2C74-E75F-56A1-BB91134C2AC3}.Release|Any CPU.Build.0 = Release|Any CPU
		{5014A125-B61F-B365-3F31-105B7D8F178B}.Debug|Any CPU.ActiveCfg = Debug|Any CPU
		{5014A125-B61F-B365-3F31-105B7D8F178B}.Debug|Any CPU.Build.0 = Debug|Any CPU
		{5014A125-B61F-B365-3F31-105B7D8F178B}.Release|Any CPU.ActiveCfg = Release|Any CPU
		{5014A125-B61F-B365-3F31-105B7D8F178B}.Release|Any CPU.Build.0 = Release|Any CPU
		{856D0C54-B62A-00DA-7B66-A01EE818CE38}.Debug|Any CPU.ActiveCfg = Debug|Any CPU
		{856D0C54-B62A-00DA-7B66-A01EE818CE38}.Debug|Any CPU.Build.0 = Debug|Any CPU
		{856D0C54-B62A-00DA-7B66-A01EE818CE38}.Release|Any CPU.ActiveCfg = Release|Any CPU
		{856D0C54-B62A-00DA-7B66-A01EE818CE38}.Release|Any CPU.Build.0 = Release|Any CPU
		{3B832C16-948B-B89D-4B18-8BAEBB06AC58}.Debug|Any CPU.ActiveCfg = Debug|Any CPU
		{3B832C16-948B-B89D-4B18-8BAEBB06AC58}.Debug|Any CPU.Build.0 = Debug|Any CPU
		{3B832C16-948B-B89D-4B18-8BAEBB06AC58}.Release|Any CPU.ActiveCfg = Release|Any CPU
		{3B832C16-948B-B89D-4B18-8BAEBB06AC58}.Release|Any CPU.Build.0 = Release|Any CPU
		{226F99BA-E91B-63FD-5007-CB22D43B4EC6}.Debug|Any CPU.ActiveCfg = Debug|Any CPU
		{226F99BA-E91B-63FD-5007-CB22D43B4EC6}.Debug|Any CPU.Build.0 = Debug|Any CPU
		{226F99BA-E91B-63FD-5007-CB22D43B4EC6}.Release|Any CPU.ActiveCfg = Release|Any CPU
		{226F99BA-E91B-63FD-5007-CB22D43B4EC6}.Release|Any CPU.Build.0 = Release|Any CPU
	EndGlobalSection
	GlobalSection(SolutionProperties) = preSolution
		HideSolutionNode = FALSE
	EndGlobalSection
EndGlobal
